github.com/link-yundi/coolparallel v0.0.5 h1:nrmpdU0EkCe6B0XGlJDrYIVth48N3vqeUJd20ki5ksE=
github.com/link-yundi/coolparallel v0.0.5/go.mod h1:Hquk4ejnUzvdvdhR7PhIxqHG1HRhExum6uN6TWh7Lc4=
github.com/link-yundi/ylog v0.0.1 h1:nn7dzuQR1qowyXmqURolXsORh94GUmO9OPXTAXn1Hxw=
github.com/link-yundi/ylog v0.0.1/go.mod h1:ZWU1R36/1V3KvMZQf/+XT6tUGlcqTvM0n39D80oiInQ=
github.com/pkg/errors v0.9.1 h1:FEBLx1zS214owpjy7qsBeixbURkuhQAwrK5UwLGTwt4=
github.com/pkg/errors v0.9.1/go.mod h1:bwawxfHBFNV+L2hUp1rHADufV3IMtnDRdf1r5NINEl0=
