github.com/link-yundi/ylog v0.0.1 h1:nn7dzuQR1qowyXmqURolXsORh94GUmO9OPXTAXn1Hxw=
github.com/link-yundi/ylog v0.0.1/go.mod h1:ZWU1R36/1V3KvMZQf/+XT6tUGlcqTvM0n39D80oiInQ=
github.com/pkg/errors v0.9.1 h1:FEBLx1zS214owpjy7qsBeixbURkuhQAwrK5UwLGTwt4=
github.com/pkg/errors v0.9.1/go.mod h1:bwawxfHBFNV+L2hUp1rHADufV3IMtnDRdf1r5NINEl0=
